// !$*UTF8*$!
{
	archiveVersion = 1;
	classes = {
	};
	objectVersion = 51;
	objects = {

/* Begin PBXBuildFile section */
		0E54D2D22012208C8D05AF82 /* Pods_Beer.framework in Frameworks */ = {isa = PBXBuildFile; fileRef = 643830D86A27A7905BB75033 /* Pods_Beer.framework */; };
		ED3F4CA72697215900065E81 /* AppDelegate.swift in Sources */ = {isa = PBXBuildFile; fileRef = ED3F4CA62697215900065E81 /* AppDelegate.swift */; };
		ED3F4CA92697215900065E81 /* SceneDelegate.swift in Sources */ = {isa = PBXBuildFile; fileRef = ED3F4CA82697215900065E81 /* SceneDelegate.swift */; };
		ED3F4CAB2697215900065E81 /* ViewController.swift in Sources */ = {isa = PBXBuildFile; fileRef = ED3F4CAA2697215900065E81 /* ViewController.swift */; };
		ED3F4CAE2697215900065E81 /* Main.storyboard in Resources */ = {isa = PBXBuildFile; fileRef = ED3F4CAC2697215900065E81 /* Main.storyboard */; };
		ED3F4CB02697215B00065E81 /* Assets.xcassets in Resources */ = {isa = PBXBuildFile; fileRef = ED3F4CAF2697215B00065E81 /* Assets.xcassets */; };
		ED3F4CB32697215B00065E81 /* LaunchScreen.storyboard in Resources */ = {isa = PBXBuildFile; fileRef = ED3F4CB12697215B00065E81 /* LaunchScreen.storyboard */; };
		ED3F4CBD2697541900065E81 /* NetworkService.swift in Sources */ = {isa = PBXBuildFile; fileRef = ED3F4CBC2697541900065E81 /* NetworkService.swift */; };
		ED3F4CBF26975F7D00065E81 /* DataModel.swift in Sources */ = {isa = PBXBuildFile; fileRef = ED3F4CBE26975F7D00065E81 /* DataModel.swift */; };
		ED3F4CC226976F4900065E81 /* NetworkDataFetcher.swift in Sources */ = {isa = PBXBuildFile; fileRef = ED3F4CC126976F4900065E81 /* NetworkDataFetcher.swift */; };
		ED90986E269B455700CFFE39 /* DetailsViewController.swift in Sources */ = {isa = PBXBuildFile; fileRef = ED90986D269B455700CFFE39 /* DetailsViewController.swift */; };
		ED909870269B600100CFFE39 /* TableViewCell.swift in Sources */ = {isa = PBXBuildFile; fileRef = ED90986F269B600100CFFE39 /* TableViewCell.swift */; };
		ED909873269B71E600CFFE39 /* UIScreen+AdditionalSizes.swift in Sources */ = {isa = PBXBuildFile; fileRef = ED909872269B71E600CFFE39 /* UIScreen+AdditionalSizes.swift */; };
		EDE3585A26A4A45100589E0B /* Grid.swift in Sources */ = {isa = PBXBuildFile; fileRef = EDE3585926A4A45100589E0B /* Grid.swift */; };
		EDF206F226A2DA4400DF91FF /* Url.swift in Sources */ = {isa = PBXBuildFile; fileRef = EDF206F126A2DA4400DF91FF /* Url.swift */; };
		EDF206F426A2DC9100DF91FF /* IngredientModel.swift in Sources */ = {isa = PBXBuildFile; fileRef = EDF206F326A2DC9100DF91FF /* IngredientModel.swift */; };
		EDF206F626A2DCDB00DF91FF /* IngredientItem.swift in Sources */ = {isa = PBXBuildFile; fileRef = EDF206F526A2DCDB00DF91FF /* IngredientItem.swift */; };
		EDF206F826A2DD5D00DF91FF /* AmountModel.swift in Sources */ = {isa = PBXBuildFile; fileRef = EDF206F726A2DD5D00DF91FF /* AmountModel.swift */; };
		EDF206FA26A2E2ED00DF91FF /* IngredientViewCell.swift in Sources */ = {isa = PBXBuildFile; fileRef = EDF206F926A2E2ED00DF91FF /* IngredientViewCell.swift */; };
/* End PBXBuildFile section */

/* Begin PBXFileReference section */
		127A4111BDC3B3B20B8A13CD /* Pods-Beer.debug.xcconfig */ = {isa = PBXFileReference; includeInIndex = 1; lastKnownFileType = text.xcconfig; name = "Pods-Beer.debug.xcconfig"; path = "Target Support Files/Pods-Beer/Pods-Beer.debug.xcconfig"; sourceTree = "<group>"; };
		643830D86A27A7905BB75033 /* Pods_Beer.framework */ = {isa = PBXFileReference; explicitFileType = wrapper.framework; includeInIndex = 0; path = Pods_Beer.framework; sourceTree = BUILT_PRODUCTS_DIR; };
		D43A5B1120296DBF5ACB8388 /* Pods-Beer.release.xcconfig */ = {isa = PBXFileReference; includeInIndex = 1; lastKnownFileType = text.xcconfig; name = "Pods-Beer.release.xcconfig"; path = "Target Support Files/Pods-Beer/Pods-Beer.release.xcconfig"; sourceTree = "<group>"; };
		ED3F4CA32697215900065E81 /* Beer.app */ = {isa = PBXFileReference; explicitFileType = wrapper.application; includeInIndex = 0; path = Beer.app; sourceTree = BUILT_PRODUCTS_DIR; };
		ED3F4CA62697215900065E81 /* AppDelegate.swift */ = {isa = PBXFileReference; lastKnownFileType = sourcecode.swift; path = AppDelegate.swift; sourceTree = "<group>"; };
		ED3F4CA82697215900065E81 /* SceneDelegate.swift */ = {isa = PBXFileReference; lastKnownFileType = sourcecode.swift; path = SceneDelegate.swift; sourceTree = "<group>"; };
		ED3F4CAA2697215900065E81 /* ViewController.swift */ = {isa = PBXFileReference; lastKnownFileType = sourcecode.swift; path = ViewController.swift; sourceTree = "<group>"; };
		ED3F4CAD2697215900065E81 /* Base */ = {isa = PBXFileReference; lastKnownFileType = file.storyboard; name = Base; path = Base.lproj/Main.storyboard; sourceTree = "<group>"; };
		ED3F4CAF2697215B00065E81 /* Assets.xcassets */ = {isa = PBXFileReference; lastKnownFileType = folder.assetcatalog; path = Assets.xcassets; sourceTree = "<group>"; };
		ED3F4CB22697215B00065E81 /* Base */ = {isa = PBXFileReference; lastKnownFileType = file.storyboard; name = Base; path = Base.lproj/LaunchScreen.storyboard; sourceTree = "<group>"; };
		ED3F4CB42697215B00065E81 /* Info.plist */ = {isa = PBXFileReference; lastKnownFileType = text.plist.xml; path = Info.plist; sourceTree = "<group>"; };
		ED3F4CBC2697541900065E81 /* NetworkService.swift */ = {isa = PBXFileReference; lastKnownFileType = sourcecode.swift; path = NetworkService.swift; sourceTree = "<group>"; };
		ED3F4CBE26975F7D00065E81 /* DataModel.swift */ = {isa = PBXFileReference; lastKnownFileType = sourcecode.swift; path = DataModel.swift; sourceTree = "<group>"; };
		ED3F4CC126976F4900065E81 /* NetworkDataFetcher.swift */ = {isa = PBXFileReference; lastKnownFileType = sourcecode.swift; path = NetworkDataFetcher.swift; sourceTree = "<group>"; };
		ED90986D269B455700CFFE39 /* DetailsViewController.swift */ = {isa = PBXFileReference; lastKnownFileType = sourcecode.swift; path = DetailsViewController.swift; sourceTree = "<group>"; };
		ED90986F269B600100CFFE39 /* TableViewCell.swift */ = {isa = PBXFileReference; lastKnownFileType = sourcecode.swift; path = TableViewCell.swift; sourceTree = "<group>"; };
		ED909872269B71E600CFFE39 /* UIScreen+AdditionalSizes.swift */ = {isa = PBXFileReference; lastKnownFileType = sourcecode.swift; path = "UIScreen+AdditionalSizes.swift"; sourceTree = "<group>"; };
		EDE3585926A4A45100589E0B /* Grid.swift */ = {isa = PBXFileReference; lastKnownFileType = sourcecode.swift; path = Grid.swift; sourceTree = "<group>"; };
		EDF206F126A2DA4400DF91FF /* Url.swift */ = {isa = PBXFileReference; lastKnownFileType = sourcecode.swift; path = Url.swift; sourceTree = "<group>"; };
		EDF206F326A2DC9100DF91FF /* IngredientModel.swift */ = {isa = PBXFileReference; lastKnownFileType = sourcecode.swift; path = IngredientModel.swift; sourceTree = "<group>"; };
		EDF206F526A2DCDB00DF91FF /* IngredientItem.swift */ = {isa = PBXFileReference; lastKnownFileType = sourcecode.swift; path = IngredientItem.swift; sourceTree = "<group>"; };
		EDF206F726A2DD5D00DF91FF /* AmountModel.swift */ = {isa = PBXFileReference; lastKnownFileType = sourcecode.swift; path = AmountModel.swift; sourceTree = "<group>"; };
		EDF206F926A2E2ED00DF91FF /* IngredientViewCell.swift */ = {isa = PBXFileReference; lastKnownFileType = sourcecode.swift; path = IngredientViewCell.swift; sourceTree = "<group>"; };
/* End PBXFileReference section */

/* Begin PBXFrameworksBuildPhase section */
		ED3F4CA02697215900065E81 /* Frameworks */ = {
			isa = PBXFrameworksBuildPhase;
			buildActionMask = 2147483647;
			files = (
				0E54D2D22012208C8D05AF82 /* Pods_Beer.framework in Frameworks */,
			);
			runOnlyForDeploymentPostprocessing = 0;
		};
/* End PBXFrameworksBuildPhase section */

/* Begin PBXGroup section */
		40F3F00AD1D1FD885DEE67DA /* Pods */ = {
			isa = PBXGroup;
			children = (
				127A4111BDC3B3B20B8A13CD /* Pods-Beer.debug.xcconfig */,
				D43A5B1120296DBF5ACB8388 /* Pods-Beer.release.xcconfig */,
			);
			path = Pods;
			sourceTree = "<group>";
		};
		52EDC2014C1D01333F525EE0 /* Frameworks */ = {
			isa = PBXGroup;
			children = (
				643830D86A27A7905BB75033 /* Pods_Beer.framework */,
			);
			name = Frameworks;
			sourceTree = "<group>";
		};
		ED3F4C9A2697215900065E81 = {
			isa = PBXGroup;
			children = (
				ED3F4CA52697215900065E81 /* Beer */,
				40F3F00AD1D1FD885DEE67DA /* Pods */,
				52EDC2014C1D01333F525EE0 /* Frameworks */,
			);
			sourceTree = "<group>";
		};
		ED3F4CA42697215900065E81 /* Products */ = {
			isa = PBXGroup;
			children = (
				ED3F4CA32697215900065E81 /* Beer.app */,
			);
			name = Products;
			path = ..;
			sourceTree = "<group>";
		};
		ED3F4CA52697215900065E81 /* Beer */ = {
			isa = PBXGroup;
			children = (
				EDE3585326A47F8B00589E0B /* Helper */,
				ED909871269B71D500CFFE39 /* Extension */,
				ED3F4CC326976F8F00065E81 /* Models */,
				ED3F4CC026976F1900065E81 /* Networking */,
				EDE3585426A480DA00589E0B /* ViewControllers */,
				ED3F4CA82697215900065E81 /* SceneDelegate.swift */,
				ED3F4CA62697215900065E81 /* AppDelegate.swift */,
				ED3F4CA42697215900065E81 /* Products */,
				ED3F4CAC2697215900065E81 /* Main.storyboard */,
				ED3F4CAF2697215B00065E81 /* Assets.xcassets */,
				ED3F4CB12697215B00065E81 /* LaunchScreen.storyboard */,
				ED3F4CB42697215B00065E81 /* Info.plist */,
			);
			path = Beer;
			sourceTree = "<group>";
		};
		ED3F4CC026976F1900065E81 /* Networking */ = {
			isa = PBXGroup;
			children = (
				ED3F4CBC2697541900065E81 /* NetworkService.swift */,
				ED3F4CC126976F4900065E81 /* NetworkDataFetcher.swift */,
			);
			path = Networking;
			sourceTree = "<group>";
		};
		ED3F4CC326976F8F00065E81 /* Models */ = {
			isa = PBXGroup;
			children = (
				ED3F4CBE26975F7D00065E81 /* DataModel.swift */,
				EDF206F326A2DC9100DF91FF /* IngredientModel.swift */,
				EDF206F526A2DCDB00DF91FF /* IngredientItem.swift */,
				EDF206F726A2DD5D00DF91FF /* AmountModel.swift */,
			);
			path = Models;
			sourceTree = "<group>";
		};
		ED909871269B71D500CFFE39 /* Extension */ = {
			isa = PBXGroup;
			children = (
				ED909872269B71E600CFFE39 /* UIScreen+AdditionalSizes.swift */,
				EDE3585926A4A45100589E0B /* Grid.swift */,
			);
			path = Extension;
			sourceTree = "<group>";
		};
		EDE3585326A47F8B00589E0B /* Helper */ = {
			isa = PBXGroup;
			children = (
				EDF206F126A2DA4400DF91FF /* Url.swift */,
			);
			path = Helper;
			sourceTree = "<group>";
		};
		EDE3585426A480DA00589E0B /* ViewControllers */ = {
			isa = PBXGroup;
			children = (
				EDE3585526A480EB00589E0B /* MainViewController */,
				EDE3585726A4811700589E0B /* DetailsViewController */,
			);
			path = ViewControllers;
			sourceTree = "<group>";
		};
		EDE3585526A480EB00589E0B /* MainViewController */ = {
			isa = PBXGroup;
			children = (
				EDE3585626A4810400589E0B /* Cell */,
				ED3F4CAA2697215900065E81 /* ViewController.swift */,
			);
			path = MainViewController;
			sourceTree = "<group>";
		};
		EDE3585626A4810400589E0B /* Cell */ = {
			isa = PBXGroup;
			children = (
				ED90986F269B600100CFFE39 /* TableViewCell.swift */,
			);
			path = Cell;
			sourceTree = "<group>";
		};
		EDE3585726A4811700589E0B /* DetailsViewController */ = {
			isa = PBXGroup;
			children = (
				EDE3585826A4811E00589E0B /* Cell */,
				ED90986D269B455700CFFE39 /* DetailsViewController.swift */,
			);
			path = DetailsViewController;
			sourceTree = "<group>";
		};
		EDE3585826A4811E00589E0B /* Cell */ = {
			isa = PBXGroup;
			children = (
				EDF206F926A2E2ED00DF91FF /* IngredientViewCell.swift */,
			);
			path = Cell;
			sourceTree = "<group>";
		};
/* End PBXGroup section */

/* Begin PBXNativeTarget section */
		ED3F4CA22697215900065E81 /* Beer */ = {
			isa = PBXNativeTarget;
			buildConfigurationList = ED3F4CB72697215B00065E81 /* Build configuration list for PBXNativeTarget "Beer" */;
			buildPhases = (
				66F36BA86C03AEDFAB9D095E /* [CP] Check Pods Manifest.lock */,
				ED3F4CBB26974B8F00065E81 /* Swiftlint */,
				ED3F4C9F2697215900065E81 /* Sources */,
				ED3F4CA02697215900065E81 /* Frameworks */,
				ED3F4CA12697215900065E81 /* Resources */,
				CE70383449AF639087B28FAA /* [CP] Embed Pods Frameworks */,
			);
			buildRules = (
			);
			dependencies = (
			);
			name = Beer;
			productName = Beer;
			productReference = ED3F4CA32697215900065E81 /* Beer.app */;
			productType = "com.apple.product-type.application";
		};
/* End PBXNativeTarget section */

/* Begin PBXProject section */
		ED3F4C9B2697215900065E81 /* Project object */ = {
			isa = PBXProject;
			attributes = {
				LastSwiftUpdateCheck = 1250;
				LastUpgradeCheck = 1250;
				TargetAttributes = {
					ED3F4CA22697215900065E81 = {
						CreatedOnToolsVersion = 12.5.1;
					};
				};
			};
			buildConfigurationList = ED3F4C9E2697215900065E81 /* Build configuration list for PBXProject "Beer" */;
			compatibilityVersion = "Xcode 9.3";
			developmentRegion = en;
			hasScannedForEncodings = 0;
			knownRegions = (
				en,
				Base,
			);
			mainGroup = ED3F4C9A2697215900065E81;
			productRefGroup = ED3F4CA42697215900065E81 /* Products */;
			projectDirPath = "";
			projectRoot = "";
			targets = (
				ED3F4CA22697215900065E81 /* Beer */,
			);
		};
/* End PBXProject section */

/* Begin PBXResourcesBuildPhase section */
		ED3F4CA12697215900065E81 /* Resources */ = {
			isa = PBXResourcesBuildPhase;
			buildActionMask = 2147483647;
			files = (
				ED3F4CB32697215B00065E81 /* LaunchScreen.storyboard in Resources */,
				ED3F4CB02697215B00065E81 /* Assets.xcassets in Resources */,
				ED3F4CAE2697215900065E81 /* Main.storyboard in Resources */,
			);
			runOnlyForDeploymentPostprocessing = 0;
		};
/* End PBXResourcesBuildPhase section */

/* Begin PBXShellScriptBuildPhase section */
		66F36BA86C03AEDFAB9D095E /* [CP] Check Pods Manifest.lock */ = {
			isa = PBXShellScriptBuildPhase;
			buildActionMask = 2147483647;
			files = (
			);
			inputFileListPaths = (
			);
			inputPaths = (
				"${PODS_PODFILE_DIR_PATH}/Podfile.lock",
				"${PODS_ROOT}/Manifest.lock",
			);
			name = "[CP] Check Pods Manifest.lock";
			outputFileListPaths = (
			);
			outputPaths = (
				"$(DERIVED_FILE_DIR)/Pods-Beer-checkManifestLockResult.txt",
			);
			runOnlyForDeploymentPostprocessing = 0;
			shellPath = /bin/sh;
			shellScript = "diff \"${PODS_PODFILE_DIR_PATH}/Podfile.lock\" \"${PODS_ROOT}/Manifest.lock\" > /dev/null\nif [ $? != 0 ] ; then\n    # print error to STDERR\n    echo \"error: The sandbox is not in sync with the Podfile.lock. Run 'pod install' or update your CocoaPods installation.\" >&2\n    exit 1\nfi\n# This output is used by Xcode 'outputs' to avoid re-running this script phase.\necho \"SUCCESS\" > \"${SCRIPT_OUTPUT_FILE_0}\"\n";
			showEnvVarsInLog = 0;
		};
		CE70383449AF639087B28FAA /* [CP] Embed Pods Frameworks */ = {
			isa = PBXShellScriptBuildPhase;
			buildActionMask = 2147483647;
			files = (
			);
			inputFileListPaths = (
				"${PODS_ROOT}/Target Support Files/Pods-Beer/Pods-Beer-frameworks-${CONFIGURATION}-input-files.xcfilelist",
			);
			name = "[CP] Embed Pods Frameworks";
			outputFileListPaths = (
				"${PODS_ROOT}/Target Support Files/Pods-Beer/Pods-Beer-frameworks-${CONFIGURATION}-output-files.xcfilelist",
			);
			runOnlyForDeploymentPostprocessing = 0;
			shellPath = /bin/sh;
			shellScript = "\"${PODS_ROOT}/Target Support Files/Pods-Beer/Pods-Beer-frameworks.sh\"\n";
			showEnvVarsInLog = 0;
		};
		ED3F4CBB26974B8F00065E81 /* Swiftlint */ = {
			isa = PBXShellScriptBuildPhase;
			buildActionMask = 2147483647;
			files = (
			);
			inputFileListPaths = (
			);
			inputPaths = (
			);
			name = Swiftlint;
			outputFileListPaths = (
			);
			outputPaths = (
			);
			runOnlyForDeploymentPostprocessing = 0;
			shellPath = /bin/sh;
			shellScript = "\"${PODS_ROOT}/SwiftLint/swiftlint\"\n";
		};
/* End PBXShellScriptBuildPhase section */

/* Begin PBXSourcesBuildPhase section */
		ED3F4C9F2697215900065E81 /* Sources */ = {
			isa = PBXSourcesBuildPhase;
			buildActionMask = 2147483647;
			files = (
				ED3F4CC226976F4900065E81 /* NetworkDataFetcher.swift in Sources */,
				EDF206FA26A2E2ED00DF91FF /* IngredientViewCell.swift in Sources */,
				ED909870269B600100CFFE39 /* TableViewCell.swift in Sources */,
				ED909873269B71E600CFFE39 /* UIScreen+AdditionalSizes.swift in Sources */,
				ED3F4CBF26975F7D00065E81 /* DataModel.swift in Sources */,
				ED3F4CAB2697215900065E81 /* ViewController.swift in Sources */,
				EDF206F826A2DD5D00DF91FF /* AmountModel.swift in Sources */,
				ED3F4CA72697215900065E81 /* AppDelegate.swift in Sources */,
				EDE3585A26A4A45100589E0B /* Grid.swift in Sources */,
				EDF206F426A2DC9100DF91FF /* IngredientModel.swift in Sources */,
				ED90986E269B455700CFFE39 /* DetailsViewController.swift in Sources */,
				ED3F4CBD2697541900065E81 /* NetworkService.swift in Sources */,
				ED3F4CA92697215900065E81 /* SceneDelegate.swift in Sources */,
				EDF206F226A2DA4400DF91FF /* Url.swift in Sources */,
				EDF206F626A2DCDB00DF91FF /* IngredientItem.swift in Sources */,
			);
			runOnlyForDeploymentPostprocessing = 0;
		};
/* End PBXSourcesBuildPhase section */

/* Begin PBXVariantGroup section */
		ED3F4CAC2697215900065E81 /* Main.storyboard */ = {
			isa = PBXVariantGroup;
			children = (
				ED3F4CAD2697215900065E81 /* Base */,
			);
			name = Main.storyboard;
			sourceTree = "<group>";
		};
		ED3F4CB12697215B00065E81 /* LaunchScreen.storyboard */ = {
			isa = PBXVariantGroup;
			children = (
				ED3F4CB22697215B00065E81 /* Base */,
			);
			name = LaunchScreen.storyboard;
			sourceTree = "<group>";
		};
/* End PBXVariantGroup section */

/* Begin XCBuildConfiguration section */
		ED3F4CB52697215B00065E81 /* Debug */ = {
			isa = XCBuildConfiguration;
			buildSettings = {
				ALWAYS_SEARCH_USER_PATHS = NO;
				CLANG_ANALYZER_NONNULL = YES;
				CLANG_ANALYZER_NUMBER_OBJECT_CONVERSION = YES_AGGRESSIVE;
				CLANG_CXX_LANGUAGE_STANDARD = "gnu++14";
				CLANG_CXX_LIBRARY = "libc++";
				CLANG_ENABLE_MODULES = YES;
				CLANG_ENABLE_OBJC_ARC = YES;
				CLANG_ENABLE_OBJC_WEAK = YES;
				CLANG_WARN_BLOCK_CAPTURE_AUTORELEASING = YES;
				CLANG_WARN_BOOL_CONVERSION = YES;
				CLANG_WARN_COMMA = YES;
				CLANG_WARN_CONSTANT_CONVERSION = YES;
				CLANG_WARN_DEPRECATED_OBJC_IMPLEMENTATIONS = YES;
				CLANG_WARN_DIRECT_OBJC_ISA_USAGE = YES_ERROR;
				CLANG_WARN_DOCUMENTATION_COMMENTS = YES;
				CLANG_WARN_EMPTY_BODY = YES;
				CLANG_WARN_ENUM_CONVERSION = YES;
				CLANG_WARN_INFINITE_RECURSION = YES;
				CLANG_WARN_INT_CONVERSION = YES;
				CLANG_WARN_NON_LITERAL_NULL_CONVERSION = YES;
				CLANG_WARN_OBJC_IMPLICIT_RETAIN_SELF = YES;
				CLANG_WARN_OBJC_LITERAL_CONVERSION = YES;
				CLANG_WARN_OBJC_ROOT_CLASS = YES_ERROR;
				CLANG_WARN_QUOTED_INCLUDE_IN_FRAMEWORK_HEADER = YES;
				CLANG_WARN_RANGE_LOOP_ANALYSIS = YES;
				CLANG_WARN_STRICT_PROTOTYPES = YES;
				CLANG_WARN_SUSPICIOUS_MOVE = YES;
				CLANG_WARN_UNGUARDED_AVAILABILITY = YES_AGGRESSIVE;
				CLANG_WARN_UNREACHABLE_CODE = YES;
				CLANG_WARN__DUPLICATE_METHOD_MATCH = YES;
				COPY_PHASE_STRIP = NO;
				DEBUG_INFORMATION_FORMAT = dwarf;
				ENABLE_STRICT_OBJC_MSGSEND = YES;
				ENABLE_TESTABILITY = YES;
				GCC_C_LANGUAGE_STANDARD = gnu11;
				GCC_DYNAMIC_NO_PIC = NO;
				GCC_NO_COMMON_BLOCKS = YES;
				GCC_OPTIMIZATION_LEVEL = 0;
				GCC_PREPROCESSOR_DEFINITIONS = (
					"DEBUG=1",
					"$(inherited)",
				);
				GCC_WARN_64_TO_32_BIT_CONVERSION = YES;
				GCC_WARN_ABOUT_RETURN_TYPE = YES_ERROR;
				GCC_WARN_UNDECLARED_SELECTOR = YES;
				GCC_WARN_UNINITIALIZED_AUTOS = YES_AGGRESSIVE;
				GCC_WARN_UNUSED_FUNCTION = YES;
				GCC_WARN_UNUSED_VARIABLE = YES;
				IPHONEOS_DEPLOYMENT_TARGET = 13.0;
				MTL_ENABLE_DEBUG_INFO = INCLUDE_SOURCE;
				MTL_FAST_MATH = YES;
				ONLY_ACTIVE_ARCH = YES;
				SDKROOT = iphoneos;
				SWIFT_ACTIVE_COMPILATION_CONDITIONS = DEBUG;
				SWIFT_OPTIMIZATION_LEVEL = "-Onone";
			};
			name = Debug;
		};
		ED3F4CB62697215B00065E81 /* Release */ = {
			isa = XCBuildConfiguration;
			buildSettings = {
				ALWAYS_SEARCH_USER_PATHS = NO;
				CLANG_ANALYZER_NONNULL = YES;
				CLANG_ANALYZER_NUMBER_OBJECT_CONVERSION = YES_AGGRESSIVE;
				CLANG_CXX_LANGUAGE_STANDARD = "gnu++14";
				CLANG_CXX_LIBRARY = "libc++";
				CLANG_ENABLE_MODULES = YES;
				CLANG_ENABLE_OBJC_ARC = YES;
				CLANG_ENABLE_OBJC_WEAK = YES;
				CLANG_WARN_BLOCK_CAPTURE_AUTORELEASING = YES;
				CLANG_WARN_BOOL_CONVERSION = YES;
				CLANG_WARN_COMMA = YES;
				CLANG_WARN_CONSTANT_CONVERSION = YES;
				CLANG_WARN_DEPRECATED_OBJC_IMPLEMENTATIONS = YES;
				CLANG_WARN_DIRECT_OBJC_ISA_USAGE = YES_ERROR;
				CLANG_WARN_DOCUMENTATION_COMMENTS = YES;
				CLANG_WARN_EMPTY_BODY = YES;
				CLANG_WARN_ENUM_CONVERSION = YES;
				CLANG_WARN_INFINITE_RECURSION = YES;
				CLANG_WARN_INT_CONVERSION = YES;
				CLANG_WARN_NON_LITERAL_NULL_CONVERSION = YES;
				CLANG_WARN_OBJC_IMPLICIT_RETAIN_SELF = YES;
				CLANG_WARN_OBJC_LITERAL_CONVERSION = YES;
				CLANG_WARN_OBJC_ROOT_CLASS = YES_ERROR;
				CLANG_WARN_QUOTED_INCLUDE_IN_FRAMEWORK_HEADER = YES;
				CLANG_WARN_RANGE_LOOP_ANALYSIS = YES;
				CLANG_WARN_STRICT_PROTOTYPES = YES;
				CLANG_WARN_SUSPICIOUS_MOVE = YES;
				CLANG_WARN_UNGUARDED_AVAILABILITY = YES_AGGRESSIVE;
				CLANG_WARN_UNREACHABLE_CODE = YES;
				CLANG_WARN__DUPLICATE_METHOD_MATCH = YES;
				COPY_PHASE_STRIP = NO;
				DEBUG_INFORMATION_FORMAT = "dwarf-with-dsym";
				ENABLE_NS_ASSERTIONS = NO;
				ENABLE_STRICT_OBJC_MSGSEND = YES;
				GCC_C_LANGUAGE_STANDARD = gnu11;
				GCC_NO_COMMON_BLOCKS = YES;
				GCC_WARN_64_TO_32_BIT_CONVERSION = YES;
				GCC_WARN_ABOUT_RETURN_TYPE = YES_ERROR;
				GCC_WARN_UNDECLARED_SELECTOR = YES;
				GCC_WARN_UNINITIALIZED_AUTOS = YES_AGGRESSIVE;
				GCC_WARN_UNUSED_FUNCTION = YES;
				GCC_WARN_UNUSED_VARIABLE = YES;
				IPHONEOS_DEPLOYMENT_TARGET = 13.0;
				MTL_ENABLE_DEBUG_INFO = NO;
				MTL_FAST_MATH = YES;
				SDKROOT = iphoneos;
				SWIFT_COMPILATION_MODE = wholemodule;
				SWIFT_OPTIMIZATION_LEVEL = "-O";
				VALIDATE_PRODUCT = YES;
			};
			name = Release;
		};
		ED3F4CB82697215B00065E81 /* Debug */ = {
			isa = XCBuildConfiguration;
			baseConfigurationReference = 127A4111BDC3B3B20B8A13CD /* Pods-Beer.debug.xcconfig */;
			buildSettings = {
				ASSETCATALOG_COMPILER_APPICON_NAME = AppIcon;
				ASSETCATALOG_COMPILER_GLOBAL_ACCENT_COLOR_NAME = AccentColor;
				CODE_SIGN_STYLE = Automatic;
				DEVELOPMENT_TEAM = 9BPHV593J8;
				INFOPLIST_FILE = Beer/Info.plist;
				LD_RUNPATH_SEARCH_PATHS = (
					"$(inherited)",
					"@executable_path/Frameworks",
				);
				PRODUCT_BUNDLE_IDENTIFIER = ru.redkozubov.Beer;
				PRODUCT_NAME = "$(TARGET_NAME)";
				SWIFT_VERSION = 5.0;
				TARGETED_DEVICE_FAMILY = "1,2";
			};
			name = Debug;
		};
		ED3F4CB92697215B00065E81 /* Release */ = {
			isa = XCBuildConfiguration;
			baseConfigurationReference = D43A5B1120296DBF5ACB8388 /* Pods-Beer.release.xcconfig */;
			buildSettings = {
				ASSETCATALOG_COMPILER_APPICON_NAME = AppIcon;
				ASSETCATALOG_COMPILER_GLOBAL_ACCENT_COLOR_NAME = AccentColor;
				CODE_SIGN_STYLE = Automatic;
				DEVELOPMENT_TEAM = 9BPHV593J8;
				INFOPLIST_FILE = Beer/Info.plist;
				LD_RUNPATH_SEARCH_PATHS = (
					"$(inherited)",
					"@executable_path/Frameworks",
				);
				PRODUCT_BUNDLE_IDENTIFIER = ru.redkozubov.Beer;
				PRODUCT_NAME = "$(TARGET_NAME)";
				SWIFT_VERSION = 5.0;
				TARGETED_DEVICE_FAMILY = "1,2";
			};
			name = Release;
		};
/* End XCBuildConfiguration section */

/* Begin XCConfigurationList section */
		ED3F4C9E2697215900065E81 /* Build configuration list for PBXProject "Beer" */ = {
			isa = XCConfigurationList;
			buildConfigurations = (
				ED3F4CB52697215B00065E81 /* Debug */,
				ED3F4CB62697215B00065E81 /* Release */,
			);
			defaultConfigurationIsVisible = 0;
			defaultConfigurationName = Release;
		};
		ED3F4CB72697215B00065E81 /* Build configuration list for PBXNativeTarget "Beer" */ = {
			isa = XCConfigurationList;
			buildConfigurations = (
				ED3F4CB82697215B00065E81 /* Debug */,
				ED3F4CB92697215B00065E81 /* Release */,
			);
			defaultConfigurationIsVisible = 0;
			defaultConfigurationName = Release;
		};
/* End XCConfigurationList section */
	};
	rootObject = ED3F4C9B2697215900065E81 /* Project object */;
}
